{
  "name": "Studies-Teacher-WorkSpace",
  "version": "0.0.1",
  "lockfileVersion": 1,
  "requires": true,
  "dependencies": {
    "argparse": {
      "version": "1.0.9",
      "resolved": "https://registry.npmjs.org/argparse/-/argparse-1.0.9.tgz",
      "integrity": "sha1-c9g7wmP4bpf4zE9rrhsOkKfSLIY=",
      "requires": {
        "sprintf-js": "1.0.3"
      }
    },
    "bluebird": {
      "version": "3.5.1",
      "resolved": "https://registry.npmjs.org/bluebird/-/bluebird-3.5.1.tgz",
      "integrity": "sha512-MKiLiV+I1AA596t9w1sQJ8jkiSr5+ZKi0WKrYGUn6d1Fx+Ij4tIj+m2WMQSGczs5jZVxV339chE8iwk6F64wjA=="
    },
    "bluebird-lst": {
      "version": "1.0.5",
      "resolved": "https://registry.npmjs.org/bluebird-lst/-/bluebird-lst-1.0.5.tgz",
      "integrity": "sha512-Ey0bDNys5qpYPhZ/oQ9vOEvD0TYQDTILMXWP2iGfvMg7rSDde+oV4aQQgqRH+CvBFNz2BSDQnPGMUl6LKBUUQA==",
      "requires": {
        "bluebird": "3.5.1"
      }
    },
    "bson": {
      "version": "1.0.4",
      "resolved": "https://registry.npmjs.org/bson/-/bson-1.0.4.tgz",
      "integrity": "sha1-k8ENOeqltYQVy8QFLz5T5WKwtyw="
    },
    "builder-util-runtime": {
      "version": "4.0.0",
      "resolved": "https://registry.npmjs.org/builder-util-runtime/-/builder-util-runtime-4.0.0.tgz",
      "integrity": "sha512-Nvwf3H+9wSknQRVdMMhHvoEhg90+tj7M3+UD7e6be0gRCtpAK2jNm6t/wygCTMbi5/YoFbEjLFzBUqgsN/ZePQ==",
      "requires": {
        "bluebird-lst": "1.0.5",
        "debug": "3.1.0",
        "fs-extra-p": "4.5.0",
        "sax": "1.2.4"
      },
      "dependencies": {
        "debug": {
          "version": "3.1.0",
          "resolved": "https://registry.npmjs.org/debug/-/debug-3.1.0.tgz",
          "integrity": "sha512-OX8XqP7/1a9cqkxYw2yXss15f26NKWBpDXQd0/uK/KPqdQhxbPa994hnzjcE2VqQpDslf55723cKPUOGSmMY3g==",
          "requires": {
            "ms": "2.0.0"
          }
        }
      }
    },
    "electron-is-dev": {
      "version": "0.3.0",
      "resolved": "https://registry.npmjs.org/electron-is-dev/-/electron-is-dev-0.3.0.tgz",
      "integrity": "sha1-FOb9pcaOnk7L7/nM8DfL18BcWv4="
    },
    "electron-updater": {
      "version": "2.18.2",
      "resolved": "https://registry.npmjs.org/electron-updater/-/electron-updater-2.18.2.tgz",
      "integrity": "sha512-Kl7zK2E5R/EBYZapDUxWEHDE/ybD+Gw9gheqIy4uVSeKWjkkQkit/QpPOK8LaQwbXD5vDawp6lrB7Z0Yoacd2A==",
      "requires": {
        "bluebird-lst": "1.0.5",
        "builder-util-runtime": "4.0.0",
        "electron-is-dev": "0.3.0",
        "fs-extra-p": "4.5.0",
        "js-yaml": "3.10.0",
        "lazy-val": "1.0.3",
        "lodash.isequal": "4.5.0",
        "semver": "5.4.1",
        "source-map-support": "0.5.0"
      }
    },
    "esprima": {
      "version": "4.0.0",
      "resolved": "https://registry.npmjs.org/esprima/-/esprima-4.0.0.tgz",
      "integrity": "sha512-oftTcaMu/EGrEIu904mWteKIv8vMuOgGYo7EhVJJN00R/EED9DCua/xxHRdYnKtcECzVg7xOWhflvJMnqcFZjw=="
    },
    "fs-extra-p": {
      "version": "4.5.0",
      "resolved": "https://registry.npmjs.org/fs-extra-p/-/fs-extra-p-4.5.0.tgz",
      "integrity": "sha512-V/sdZmV+Yx3+nfXmjRTdBP4mVWCt7hZ0+ZOv+IZo+6fdkBxafaGsI7mYeNv/J3rWyz+mIToCFQORFSwt1bZw8Q==",
      "requires": {
        "bluebird-lst": "1.0.5",
        "fs-extra": "5.0.0"
      },
      "dependencies": {
        "fs-extra": {
          "version": "5.0.0",
          "resolved": "https://registry.npmjs.org/fs-extra/-/fs-extra-5.0.0.tgz",
          "integrity": "sha512-66Pm4RYbjzdyeuqudYqhFiNBbCIuI9kgRqLPSHIlXHidW8NIQtVdkM1yeZ4lXwuhbTETv3EUGMNHAAw6hiundQ==",
          "requires": {
            "graceful-fs": "4.1.11",
            "jsonfile": "4.0.0",
            "universalify": "0.1.1"
          }
        },
        "jsonfile": {
          "version": "4.0.0",
          "resolved": "https://registry.npmjs.org/jsonfile/-/jsonfile-4.0.0.tgz",
          "integrity": "sha1-h3Gq4HmbZAdrdmQPygWPnBDjPss=",
          "requires": {
            "graceful-fs": "4.1.11"
          }
        }
      }
    },
    "graceful-fs": {
      "version": "4.1.11",
      "resolved": "https://registry.npmjs.org/graceful-fs/-/graceful-fs-4.1.11.tgz",
      "integrity": "sha1-Dovf5NHduIVNZOBOp8AOKgJuVlg="
    },
    "js-yaml": {
      "version": "3.10.0",
      "resolved": "https://registry.npmjs.org/js-yaml/-/js-yaml-3.10.0.tgz",
      "integrity": "sha512-O2v52ffjLa9VeM43J4XocZE//WT9N0IiwDa3KSHH7Tu8CtH+1qM8SIZvnsTh6v+4yFy5KUY3BHUVwjpfAWsjIA==",
      "requires": {
        "argparse": "1.0.9",
        "esprima": "4.0.0"
      }
    },
    "lazy-val": {
      "version": "1.0.3",
      "resolved": "https://registry.npmjs.org/lazy-val/-/lazy-val-1.0.3.tgz",
      "integrity": "sha512-pjCf3BYk+uv3ZcPzEVM0BFvO9Uw58TmlrU0oG5tTrr9Kcid3+kdKxapH8CjdYmVa2nO5wOoZn2rdvZx2PKj/xg=="
    },
    "lodash.isequal": {
      "version": "4.5.0",
      "resolved": "https://registry.npmjs.org/lodash.isequal/-/lodash.isequal-4.5.0.tgz",
      "integrity": "sha1-QVxEePK8wwEgwizhDtMib30+GOA="
    },
    "mongodb": {
      "version": "3.0.1",
      "resolved": "https://registry.npmjs.org/mongodb/-/mongodb-3.0.1.tgz",
      "integrity": "sha1-J47oAGJX7CJ5hZSmJZVGgl1t4bI=",
      "requires": {
        "mongodb-core": "3.0.1"
      }
    },
    "mongodb-core": {
      "version": "3.0.1",
      "resolved": "https://registry.npmjs.org/mongodb-core/-/mongodb-core-3.0.1.tgz",
      "integrity": "sha1-/23Dbulv9ZaVPYCmhA1nMbyS7+0=",
      "requires": {
        "bson": "1.0.4",
        "require_optional": "1.0.1"
      }
    },
    "ms": {
      "version": "2.0.0",
      "resolved": "https://registry.npmjs.org/ms/-/ms-2.0.0.tgz",
      "integrity": "sha1-VgiurfwAvmwpAd9fmGF4jeDVl8g="
    },
    "require_optional": {
      "version": "1.0.1",
      "resolved": "https://registry.npmjs.org/require_optional/-/require_optional-1.0.1.tgz",
      "integrity": "sha512-qhM/y57enGWHAe3v/NcwML6a3/vfESLe/sGM2dII+gEO0BpKRUkWZow/tyloNqJyN6kXSl3RyyM8Ll5D/sJP8g==",
      "requires": {
        "resolve-from": "2.0.0",
        "semver": "5.4.1"
      }
    },
    "resolve-from": {
      "version": "2.0.0",
      "resolved": "https://registry.npmjs.org/resolve-from/-/resolve-from-2.0.0.tgz",
      "integrity": "sha1-lICrIOlP+h2egKgEx+oUdhGWa1c="
    },
    "sax": {
      "version": "1.2.4",
      "resolved": "https://registry.npmjs.org/sax/-/sax-1.2.4.tgz",
      "integrity": "sha512-NqVDv9TpANUjFm0N8uM5GxL36UgKi9/atZw+x7YFnQ8ckwFGKrl4xX4yWtrey3UJm5nP1kUbnYgLopqWNSRhWw=="
    },
    "semver": {
      "version": "5.4.1",
      "resolved": "https://registry.npmjs.org/semver/-/semver-5.4.1.tgz",
      "integrity": "sha512-WfG/X9+oATh81XtllIo/I8gOiY9EXRdv1cQdyykeXK17YcUW3EXUAi2To4pcH6nZtJPr7ZOpM5OMyWJZm+8Rsg=="
    },
    "source-map": {
      "version": "0.6.1",
      "resolved": "https://registry.npmjs.org/source-map/-/source-map-0.6.1.tgz",
      "integrity": "sha512-UjgapumWlbMhkBgzT7Ykc5YXUT46F0iKu8SGXq0bcwP5dz/h0Plj6enJqjz1Zbq2l5WaqYnrVbwWOWMyF3F47g=="
    },
    "source-map-support": {
      "version": "0.5.0",
      "resolved": "https://registry.npmjs.org/source-map-support/-/source-map-support-0.5.0.tgz",
      "integrity": "sha512-vUoN3I7fHQe0R/SJLKRdKYuEdRGogsviXFkHHo17AWaTGv17VLnxw+CFXvqy+y4ORZ3doWLQcxRYfwKrsd/H7Q==",
      "requires": {
        "source-map": "0.6.1"
      }
    },
    "sprintf-js": {
      "version": "1.0.3",
      "resolved": "https://registry.npmjs.org/sprintf-js/-/sprintf-js-1.0.3.tgz",
      "integrity": "sha1-BOaSb2YolTVPPdAVIDYzuFcpfiw="
    },
    "universalify": {
      "version": "0.1.1",
      "resolved": "https://registry.npmjs.org/universalify/-/universalify-0.1.1.tgz",
      "integrity": "sha1-+nG63UQ3r0wUiEHjs7Fl+enlkLc="
    }
  }
}
